
Microsoft Visual Studio Solution File, Format Version 12.00
# Visual Studio Version 16
VisualStudioVersion = 16.0.29209.152
MinimumVisualStudioVersion = 10.0.40219.1
Project("{FAE04EC0-301F-11D3-BF4B-00C04F79EFBC}") = "AppLifeCheck", "AppLifeCheck.csproj", "{B34ED7BF-A0F0-45ED-822D-CD6B6D30BBBC}"
EndProject
Global
	GlobalSection(SolutionConfigurationPlatforms) = preSolution
		Debug|Any CPU = Debug|Any CPU
		Release|Any CPU = Release|Any CPU
	EndGlobalSection
	GlobalSection(ProjectConfigurationPlatforms) = postSolution
		{B34ED7BF-A0F0-45ED-822D-CD6B6D30BBBC}.Debug|Any CPU.ActiveCfg = Debug|Any CPU
		{B34ED7BF-A0F0-45ED-822D-CD6B6D30BBBC}.Debug|Any CPU.Build.0 = Debug|Any CPU
		{B34ED7BF-A0F0-45ED-822D-CD6B6D30BBBC}.Release|Any CPU.ActiveCfg = Release|Any CPU
		{B34ED7BF-A0F0-45ED-822D-CD6B6D30BBBC}.Release|Any CPU.Build.0 = Release|Any CPU
	EndGlobalSection
	GlobalSection(SolutionProperties) = preSolution
		HideSolutionNode = FALSE
	EndGlobalSection
	GlobalSection(ExtensibilityGlobals) = postSolution
		SolutionGuid = {1AD3C42E-EF2D-4F3F-8CB2-AB2B342FCE40}
	EndGlobalSection
EndGlobal
